// !$*UTF8*$!
{
	archiveVersion = 1;
	classes = {
	};
	objectVersion = 46;
	objects = {

/* Begin PBXBuildFile section */
		9DBB23CC1C50A4AC00924452 /* main.m in Sources */ = {isa = PBXBuildFile; fileRef = 9DBB23CB1C50A4AC00924452 /* main.m */; };
		9DBB23CF1C50A4AC00924452 /* AppDelegate.m in Sources */ = {isa = PBXBuildFile; fileRef = 9DBB23CE1C50A4AC00924452 /* AppDelegate.m */; };
		9DBB23D21C50A4AC00924452 /* ViewController.m in Sources */ = {isa = PBXBuildFile; fileRef = 9DBB23D11C50A4AC00924452 /* ViewController.m */; };
		9DBB23D51C50A4AC00924452 /* Main.storyboard in Resources */ = {isa = PBXBuildFile; fileRef = 9DBB23D31C50A4AC00924452 /* Main.storyboard */; };
		9DBB23D71C50A4AC00924452 /* Assets.xcassets in Resources */ = {isa = PBXBuildFile; fileRef = 9DBB23D61C50A4AC00924452 /* Assets.xcassets */; };
		9DBB23DA1C50A4AC00924452 /* LaunchScreen.storyboard in Resources */ = {isa = PBXBuildFile; fileRef = 9DBB23D81C50A4AC00924452 /* LaunchScreen.storyboard */; };
		9DBB23E51C50A4AD00924452 /* PruebaGitTests.m in Sources */ = {isa = PBXBuildFile; fileRef = 9DBB23E41C50A4AD00924452 /* PruebaGitTests.m */; };
		9DBB23F01C50A4AD00924452 /* PruebaGitUITests.m in Sources */ = {isa = PBXBuildFile; fileRef = 9DBB23EF1C50A4AD00924452 /* PruebaGitUITests.m */; };
/* End PBXBuildFile section */

/* Begin PBXContainerItemProxy section */
		9DBB23E11C50A4AD00924452 /* PBXContainerItemProxy */ = {
			isa = PBXContainerItemProxy;
			containerPortal = 9DBB23BF1C50A4AC00924452 /* Project object */;
			proxyType = 1;
			remoteGlobalIDString = 9DBB23C61C50A4AC00924452;
			remoteInfo = PruebaGit;
		};
		9DBB23EC1C50A4AD00924452 /* PBXContainerItemProxy */ = {
			isa = PBXContainerItemProxy;
			containerPortal = 9DBB23BF1C50A4AC00924452 /* Project object */;
			proxyType = 1;
			remoteGlobalIDString = 9DBB23C61C50A4AC00924452;
			remoteInfo = PruebaGit;
		};
/* End PBXContainerItemProxy section */

/* Begin PBXFileReference section */
		9DBB23C71C50A4AC00924452 /* PruebaGit.app */ = {isa = PBXFileReference; explicitFileType = wrapper.application; includeInIndex = 0; path = PruebaGit.app; sourceTree = BUILT_PRODUCTS_DIR; };
		9DBB23CB1C50A4AC00924452 /* main.m */ = {isa = PBXFileReference; lastKnownFileType = sourcecode.c.objc; path = main.m; sourceTree = "<group>"; };
		9DBB23CD1C50A4AC00924452 /* AppDelegate.h */ = {isa = PBXFileReference; lastKnownFileType = sourcecode.c.h; path = AppDelegate.h; sourceTree = "<group>"; };
		9DBB23CE1C50A4AC00924452 /* AppDelegate.m */ = {isa = PBXFileReference; lastKnownFileType = sourcecode.c.objc; path = AppDelegate.m; sourceTree = "<group>"; };
		9DBB23D01C50A4AC00924452 /* ViewController.h */ = {isa = PBXFileReference; lastKnownFileType = sourcecode.c.h; path = ViewController.h; sourceTree = "<group>"; };
		9DBB23D11C50A4AC00924452 /* ViewController.m */ = {isa = PBXFileReference; lastKnownFileType = sourcecode.c.objc; path = ViewController.m; sourceTree = "<group>"; };
		9DBB23D41C50A4AC00924452 /* Base */ = {isa = PBXFileReference; lastKnownFileType = file.storyboard; name = Base; path = Base.lproj/Main.storyboard; sourceTree = "<group>"; };
		9DBB23D61C50A4AC00924452 /* Assets.xcassets */ = {isa = PBXFileReference; lastKnownFileType = folder.assetcatalog; path = Assets.xcassets; sourceTree = "<group>"; };
		9DBB23D91C50A4AC00924452 /* Base */ = {isa = PBXFileReference; lastKnownFileType = file.storyboard; name = Base; path = Base.lproj/LaunchScreen.storyboard; sourceTree = "<group>"; };
		9DBB23DB1C50A4AC00924452 /* Info.plist */ = {isa = PBXFileReference; lastKnownFileType = text.plist.xml; path = Info.plist; sourceTree = "<group>"; };
		9DBB23E01C50A4AD00924452 /* PruebaGitTests.xctest */ = {isa = PBXFileReference; explicitFileType = wrapper.cfbundle; includeInIndex = 0; path = PruebaGitTests.xctest; sourceTree = BUILT_PRODUCTS_DIR; };
		9DBB23E41C50A4AD00924452 /* PruebaGitTests.m */ = {isa = PBXFileReference; lastKnownFileType = sourcecode.c.objc; path = PruebaGitTests.m; sourceTree = "<group>"; };
		9DBB23E61C50A4AD00924452 /* Info.plist */ = {isa = PBXFileReference; lastKnownFileType = text.plist.xml; path = Info.plist; sourceTree = "<group>"; };
		9DBB23EB1C50A4AD00924452 /* PruebaGitUITests.xctest */ = {isa = PBXFileReference; explicitFileType = wrapper.cfbundle; includeInIndex = 0; path = PruebaGitUITests.xctest; sourceTree = BUILT_PRODUCTS_DIR; };
		9DBB23EF1C50A4AD00924452 /* PruebaGitUITests.m */ = {isa = PBXFileReference; lastKnownFileType = sourcecode.c.objc; path = PruebaGitUITests.m; sourceTree = "<group>"; };
		9DBB23F11C50A4AD00924452 /* Info.plist */ = {isa = PBXFileReference; lastKnownFileType = text.plist.xml; path = Info.plist; sourceTree = "<group>"; };
/* End PBXFileReference section */

/* Begin PBXFrameworksBuildPhase section */
		9DBB23C41C50A4AC00924452 /* Frameworks */ = {
			isa = PBXFrameworksBuildPhase;
			buildActionMask = 2147483647;
			files = (
			);
			runOnlyForDeploymentPostprocessing = 0;
		};
		9DBB23DD1C50A4AD00924452 /* Frameworks */ = {
			isa = PBXFrameworksBuildPhase;
			buildActionMask = 2147483647;
			files = (
			);
			runOnlyForDeploymentPostprocessing = 0;
		};
		9DBB23E81C50A4AD00924452 /* Frameworks */ = {
			isa = PBXFrameworksBuildPhase;
			buildActionMask = 2147483647;
			files = (
			);
			runOnlyForDeploymentPostprocessing = 0;
		};
/* End PBXFrameworksBuildPhase section */

/* Begin PBXGroup section */
		9DBB23BE1C50A4AC00924452 = {
			isa = PBXGroup;
			children = (
				9DBB23C91C50A4AC00924452 /* PruebaGit */,
				9DBB23E31C50A4AD00924452 /* PruebaGitTests */,
				9DBB23EE1C50A4AD00924452 /* PruebaGitUITests */,
				9DBB23C81C50A4AC00924452 /* Products */,
			);
			sourceTree = "<group>";
		};
		9DBB23C81C50A4AC00924452 /* Products */ = {
			isa = PBXGroup;
			children = (
				9DBB23C71C50A4AC00924452 /* PruebaGit.app */,
				9DBB23E01C50A4AD00924452 /* PruebaGitTests.xctest */,
				9DBB23EB1C50A4AD00924452 /* PruebaGitUITests.xctest */,
			);
			name = Products;
			sourceTree = "<group>";
		};
		9DBB23C91C50A4AC00924452 /* PruebaGit */ = {
			isa = PBXGroup;
			children = (
				9DBB23CD1C50A4AC00924452 /* AppDelegate.h */,
				9DBB23CE1C50A4AC00924452 /* AppDelegate.m */,
				9DBB23D01C50A4AC00924452 /* ViewController.h */,
				9DBB23D11C50A4AC00924452 /* ViewController.m */,
				9DBB23D31C50A4AC00924452 /* Main.storyboard */,
				9DBB23D61C50A4AC00924452 /* Assets.xcassets */,
				9DBB23D81C50A4AC00924452 /* LaunchScreen.storyboard */,
				9DBB23DB1C50A4AC00924452 /* Info.plist */,
				9DBB23CA1C50A4AC00924452 /* Supporting Files */,
			);
			path = PruebaGit;
			sourceTree = "<group>";
		};
		9DBB23CA1C50A4AC00924452 /* Supporting Files */ = {
			isa = PBXGroup;
			children = (
				9DBB23CB1C50A4AC00924452 /* main.m */,
			);
			name = "Supporting Files";
			sourceTree = "<group>";
		};
		9DBB23E31C50A4AD00924452 /* PruebaGitTests */ = {
			isa = PBXGroup;
			children = (
				9DBB23E41C50A4AD00924452 /* PruebaGitTests.m */,
				9DBB23E61C50A4AD00924452 /* Info.plist */,
			);
			path = PruebaGitTests;
			sourceTree = "<group>";
		};
		9DBB23EE1C50A4AD00924452 /* PruebaGitUITests */ = {
			isa = PBXGroup;
			children = (
				9DBB23EF1C50A4AD00924452 /* PruebaGitUITests.m */,
				9DBB23F11C50A4AD00924452 /* Info.plist */,
			);
			path = PruebaGitUITests;
			sourceTree = "<group>";
		};
/* End PBXGroup section */

/* Begin PBXNativeTarget section */
		9DBB23C61C50A4AC00924452 /* PruebaGit */ = {
			isa = PBXNativeTarget;
			buildConfigurationList = 9DBB23F41C50A4AD00924452 /* Build configuration list for PBXNativeTarget "PruebaGit" */;
			buildPhases = (
				9DBB23C31C50A4AC00924452 /* Sources */,
				9DBB23C41C50A4AC00924452 /* Frameworks */,
				9DBB23C51C50A4AC00924452 /* Resources */,
			);
			buildRules = (
			);
			dependencies = (
			);
			name = PruebaGit;
			productName = PruebaGit;
			productReference = 9DBB23C71C50A4AC00924452 /* PruebaGit.app */;
			productType = "com.apple.product-type.application";
		};
		9DBB23DF1C50A4AD00924452 /* PruebaGitTests */ = {
			isa = PBXNativeTarget;
			buildConfigurationList = 9DBB23F71C50A4AD00924452 /* Build configuration list for PBXNativeTarget "PruebaGitTests" */;
			buildPhases = (
				9DBB23DC1C50A4AD00924452 /* Sources */,
				9DBB23DD1C50A4AD00924452 /* Frameworks */,
				9DBB23DE1C50A4AD00924452 /* Resources */,
			);
			buildRules = (
			);
			dependencies = (
				9DBB23E21C50A4AD00924452 /* PBXTargetDependency */,
			);
			name = PruebaGitTests;
			productName = PruebaGitTests;
			productReference = 9DBB23E01C50A4AD00924452 /* PruebaGitTests.xctest */;
			productType = "com.apple.product-type.bundle.unit-test";
		};
		9DBB23EA1C50A4AD00924452 /* PruebaGitUITests */ = {
			isa = PBXNativeTarget;
			buildConfigurationList = 9DBB23FA1C50A4AD00924452 /* Build configuration list for PBXNativeTarget "PruebaGitUITests" */;
			buildPhases = (
				9DBB23E71C50A4AD00924452 /* Sources */,
				9DBB23E81C50A4AD00924452 /* Frameworks */,
				9DBB23E91C50A4AD00924452 /* Resources */,
			);
			buildRules = (
			);
			dependencies = (
				9DBB23ED1C50A4AD00924452 /* PBXTargetDependency */,
			);
			name = PruebaGitUITests;
			productName = PruebaGitUITests;
			productReference = 9DBB23EB1C50A4AD00924452 /* PruebaGitUITests.xctest */;
			productType = "com.apple.product-type.bundle.ui-testing";
		};
/* End PBXNativeTarget section */

/* Begin PBXProject section */
		9DBB23BF1C50A4AC00924452 /* Project object */ = {
			isa = PBXProject;
			attributes = {
				LastUpgradeCheck = 0730;
				ORGANIZATIONNAME = "Allan Aguilar";
				TargetAttributes = {
					9DBB23C61C50A4AC00924452 = {
						CreatedOnToolsVersion = 7.3;
					};
					9DBB23DF1C50A4AD00924452 = {
						CreatedOnToolsVersion = 7.3;
						TestTargetID = 9DBB23C61C50A4AC00924452;
					};
					9DBB23EA1C50A4AD00924452 = {
						CreatedOnToolsVersion = 7.3;
						TestTargetID = 9DBB23C61C50A4AC00924452;
					};
				};
			};
			buildConfigurationList = 9DBB23C21C50A4AC00924452 /* Build configuration list for PBXProject "PruebaGit" */;
			compatibilityVersion = "Xcode 3.2";
			developmentRegion = English;
			hasScannedForEncodings = 0;
			knownRegions = (
				en,
				Base,
			);
			mainGroup = 9DBB23BE1C50A4AC00924452;
			productRefGroup = 9DBB23C81C50A4AC00924452 /* Products */;
			projectDirPath = "";
			projectRoot = "";
			targets = (
				9DBB23C61C50A4AC00924452 /* PruebaGit */,
				9DBB23DF1C50A4AD00924452 /* PruebaGitTests */,
				9DBB23EA1C50A4AD00924452 /* PruebaGitUITests */,
			);
		};
/* End PBXProject section */

/* Begin PBXResourcesBuildPhase section */
		9DBB23C51C50A4AC00924452 /* Resources */ = {
			isa = PBXResourcesBuildPhase;
			buildActionMask = 2147483647;
			files = (
				9DBB23DA1C50A4AC00924452 /* LaunchScreen.storyboard in Resources */,
				9DBB23D71C50A4AC00924452 /* Assets.xcassets in Resources */,
				9DBB23D51C50A4AC00924452 /* Main.storyboard in Resources */,
			);
			runOnlyForDeploymentPostprocessing = 0;
		};
		9DBB23DE1C50A4AD00924452 /* Resources */ = {
			isa = PBXResourcesBuildPhase;
			buildActionMask = 2147483647;
			files = (
			);
			runOnlyForDeploymentPostprocessing = 0;
		};
		9DBB23E91C50A4AD00924452 /* Resources */ = {
			isa = PBXResourcesBuildPhase;
			buildActionMask = 2147483647;
			files = (
			);
			runOnlyForDeploymentPostprocessing = 0;
		};
/* End PBXResourcesBuildPhase section */

/* Begin PBXSourcesBuildPhase section */
		9DBB23C31C50A4AC00924452 /* Sources */ = {
			isa = PBXSourcesBuildPhase;
			buildActionMask = 2147483647;
			files = (
				9DBB23D21C50A4AC00924452 /* ViewController.m in Sources */,
				9DBB23CF1C50A4AC00924452 /* AppDelegate.m in Sources */,
				9DBB23CC1C50A4AC00924452 /* main.m in Sources */,
			);
			runOnlyForDeploymentPostprocessing = 0;
		};
		9DBB23DC1C50A4AD00924452 /* Sources */ = {
			isa = PBXSourcesBuildPhase;
			buildActionMask = 2147483647;
			files = (
				9DBB23E51C50A4AD00924452 /* PruebaGitTests.m in Sources */,
			);
			runOnlyForDeploymentPostprocessing = 0;
		};
		9DBB23E71C50A4AD00924452 /* Sources */ = {
			isa = PBXSourcesBuildPhase;
			buildActionMask = 2147483647;
			files = (
				9DBB23F01C50A4AD00924452 /* PruebaGitUITests.m in Sources */,
			);
			runOnlyForDeploymentPostprocessing = 0;
		};
/* End PBXSourcesBuildPhase section */

/* Begin PBXTargetDependency section */
		9DBB23E21C50A4AD00924452 /* PBXTargetDependency */ = {
			isa = PBXTargetDependency;
			target = 9DBB23C61C50A4AC00924452 /* PruebaGit */;
			targetProxy = 9DBB23E11C50A4AD00924452 /* PBXContainerItemProxy */;
		};
		9DBB23ED1C50A4AD00924452 /* PBXTargetDependency */ = {
			isa = PBXTargetDependency;
			target = 9DBB23C61C50A4AC00924452 /* PruebaGit */;
			targetProxy = 9DBB23EC1C50A4AD00924452 /* PBXContainerItemProxy */;
		};
/* End PBXTargetDependency section */

/* Begin PBXVariantGroup section */
		9DBB23D31C50A4AC00924452 /* Main.storyboard */ = {
			isa = PBXVariantGroup;
			children = (
				9DBB23D41C50A4AC00924452 /* Base */,
			);
			name = Main.storyboard;
			sourceTree = "<group>";
		};
		9DBB23D81C50A4AC00924452 /* LaunchScreen.storyboard */ = {
			isa = PBXVariantGroup;
			children = (
				9DBB23D91C50A4AC00924452 /* Base */,
			);
			name = LaunchScreen.storyboard;
			sourceTree = "<group>";
		};
/* End PBXVariantGroup section */

/* Begin XCBuildConfiguration section */
		9DBB23F21C50A4AD00924452 /* Debug */ = {
			isa = XCBuildConfiguration;
			buildSettings = {
				ALWAYS_SEARCH_USER_PATHS = NO;
				CLANG_CXX_LANGUAGE_STANDARD = "gnu++0x";
				CLANG_CXX_LIBRARY = "libc++";
				CLANG_ENABLE_MODULES = YES;
				CLANG_ENABLE_OBJC_ARC = YES;
				CLANG_WARN_BOOL_CONVERSION = YES;
				CLANG_WARN_CONSTANT_CONVERSION = YES;
				CLANG_WARN_DIRECT_OBJC_ISA_USAGE = YES_ERROR;
				CLANG_WARN_EMPTY_BODY = YES;
				CLANG_WARN_ENUM_CONVERSION = YES;
				CLANG_WARN_INT_CONVERSION = YES;
				CLANG_WARN_OBJC_ROOT_CLASS = YES_ERROR;
				CLANG_WARN_UNREACHABLE_CODE = YES;
				CLANG_WARN__DUPLICATE_METHOD_MATCH = YES;
				"CODE_SIGN_IDENTITY[sdk=iphoneos*]" = "iPhone Developer";
				COPY_PHASE_STRIP = NO;
				DEBUG_INFORMATION_FORMAT = dwarf;
				ENABLE_STRICT_OBJC_MSGSEND = YES;
				ENABLE_TESTABILITY = YES;
				GCC_C_LANGUAGE_STANDARD = gnu99;
				GCC_DYNAMIC_NO_PIC = NO;
				GCC_NO_COMMON_BLOCKS = YES;
				GCC_OPTIMIZATION_LEVEL = 0;
				GCC_PREPROCESSOR_DEFINITIONS = (
					"DEBUG=1",
					"$(inherited)",
				);
				GCC_WARN_64_TO_32_BIT_CONVERSION = YES;
				GCC_WARN_ABOUT_RETURN_TYPE = YES_ERROR;
				GCC_WARN_UNDECLARED_SELECTOR = YES;
				GCC_WARN_UNINITIALIZED_AUTOS = YES_AGGRESSIVE;
				GCC_WARN_UNUSED_FUNCTION = YES;
				GCC_WARN_UNUSED_VARIABLE = YES;
				IPHONEOS_DEPLOYMENT_TARGET = 9.3;
				MTL_ENABLE_DEBUG_INFO = YES;
				ONLY_ACTIVE_ARCH = YES;
				SDKROOT = iphoneos;
				TARGETED_DEVICE_FAMILY = "1,2";
			};
			name = Debug;
		};
		9DBB23F31C50A4AD00924452 /* Release */ = {
			isa = XCBuildConfiguration;
			buildSettings = {
				ALWAYS_SEARCH_USER_PATHS = NO;
				CLANG_CXX_LANGUAGE_STANDARD = "gnu++0x";
				CLANG_CXX_LIBRARY = "libc++";
				CLANG_ENABLE_MODULES = YES;
				CLANG_ENABLE_OBJC_ARC = YES;
				CLANG_WARN_BOOL_CONVERSION = YES;
				CLANG_WARN_CONSTANT_CONVERSION = YES;
				CLANG_WARN_DIRECT_OBJC_ISA_USAGE = YES_ERROR;
				CLANG_WARN_EMPTY_BODY = YES;
				CLANG_WARN_ENUM_CONVERSION = YES;
				CLANG_WARN_INT_CONVERSION = YES;
				CLANG_WARN_OBJC_ROOT_CLASS = YES_ERROR;
				CLANG_WARN_UNREACHABLE_CODE = YES;
				CLANG_WARN__DUPLICATE_METHOD_MATCH = YES;
				"CODE_SIGN_IDENTITY[sdk=iphoneos*]" = "iPhone Developer";
				COPY_PHASE_STRIP = NO;
				DEBUG_INFORMATION_FORMAT = "dwarf-with-dsym";
				ENABLE_NS_ASSERTIONS = NO;
				ENABLE_STRICT_OBJC_MSGSEND = YES;
				GCC_C_LANGUAGE_STANDARD = gnu99;
				GCC_NO_COMMON_BLOCKS = YES;
				GCC_WARN_64_TO_32_BIT_CONVERSION = YES;
				GCC_WARN_ABOUT_RETURN_TYPE = YES_ERROR;
				GCC_WARN_UNDECLARED_SELECTOR = YES;
				GCC_WARN_UNINITIALIZED_AUTOS = YES_AGGRESSIVE;
				GCC_WARN_UNUSED_FUNCTION = YES;
				GCC_WARN_UNUSED_VARIABLE = YES;
				IPHONEOS_DEPLOYMENT_TARGET = 9.3;
				MTL_ENABLE_DEBUG_INFO = NO;
				SDKROOT = iphoneos;
				TARGETED_DEVICE_FAMILY = "1,2";
				VALIDATE_PRODUCT = YES;
			};
			name = Release;
		};
		9DBB23F51C50A4AD00924452 /* Debug */ = {
			isa = XCBuildConfiguration;
			buildSettings = {
				ASSETCATALOG_COMPILER_APPICON_NAME = AppIcon;
				INFOPLIST_FILE = PruebaGit/Info.plist;
				LD_RUNPATH_SEARCH_PATHS = "$(inherited) @executable_path/Frameworks";
				PRODUCT_BUNDLE_IDENTIFIER = a.PruebaGit;
				PRODUCT_NAME = "$(TARGET_NAME)";
			};
			name = Debug;
		};
		9DBB23F61C50A4AD00924452 /* Release */ = {
			isa = XCBuildConfiguration;
			buildSettings = {
				ASSETCATALOG_COMPILER_APPICON_NAME = AppIcon;
				INFOPLIST_FILE = PruebaGit/Info.plist;
				LD_RUNPATH_SEARCH_PATHS = "$(inherited) @executable_path/Frameworks";
				PRODUCT_BUNDLE_IDENTIFIER = a.PruebaGit;
				PRODUCT_NAME = "$(TARGET_NAME)";
			};
			name = Release;
		};
		9DBB23F81C50A4AD00924452 /* Debug */ = {
			isa = XCBuildConfiguration;
			buildSettings = {
				BUNDLE_LOADER = "$(TEST_HOST)";
				INFOPLIST_FILE = PruebaGitTests/Info.plist;
				LD_RUNPATH_SEARCH_PATHS = "$(inherited) @executable_path/Frameworks @loader_path/Frameworks";
				PRODUCT_BUNDLE_IDENTIFIER = a.PruebaGitTests;
				PRODUCT_NAME = "$(TARGET_NAME)";
				TEST_HOST = "$(BUILT_PRODUCTS_DIR)/PruebaGit.app/PruebaGit";
			};
			name = Debug;
		};
		9DBB23F91C50A4AD00924452 /* Release */ = {
			isa = XCBuildConfiguration;
			buildSettings = {
				BUNDLE_LOADER = "$(TEST_HOST)";
				INFOPLIST_FILE = PruebaGitTests/Info.plist;
				LD_RUNPATH_SEARCH_PATHS = "$(inherited) @executable_path/Frameworks @loader_path/Frameworks";
				PRODUCT_BUNDLE_IDENTIFIER = a.PruebaGitTests;
				PRODUCT_NAME = "$(TARGET_NAME)";
				TEST_HOST = "$(BUILT_PRODUCTS_DIR)/PruebaGit.app/PruebaGit";
			};
			name = Release;
		};
		9DBB23FB1C50A4AD00924452 /* Debug */ = {
			isa = XCBuildConfiguration;
			buildSettings = {
				INFOPLIST_FILE = PruebaGitUITests/Info.plist;
				LD_RUNPATH_SEARCH_PATHS = "$(inherited) @executable_path/Frameworks @loader_path/Frameworks";
				PRODUCT_BUNDLE_IDENTIFIER = a.PruebaGitUITests;
				PRODUCT_NAME = "$(TARGET_NAME)";
				TEST_TARGET_NAME = PruebaGit;
			};
			name = Debug;
		};
		9DBB23FC1C50A4AD00924452 /* Release */ = {
			isa = XCBuildConfiguration;
			buildSettings = {
				INFOPLIST_FILE = PruebaGitUITests/Info.plist;
				LD_RUNPATH_SEARCH_PATHS = "$(inherited) @executable_path/Frameworks @loader_path/Frameworks";
				PRODUCT_BUNDLE_IDENTIFIER = a.PruebaGitUITests;
				PRODUCT_NAME = "$(TARGET_NAME)";
				TEST_TARGET_NAME = PruebaGit;
			};
			name = Release;
		};
/* End XCBuildConfiguration section */

/* Begin XCConfigurationList section */
		9DBB23C21C50A4AC00924452 /* Build configuration list for PBXProject "PruebaGit" */ = {
			isa = XCConfigurationList;
			buildConfigurations = (
				9DBB23F21C50A4AD00924452 /* Debug */,
				9DBB23F31C50A4AD00924452 /* Release */,
			);
			defaultConfigurationIsVisible = 0;
			defaultConfigurationName = Release;
		};
		9DBB23F41C50A4AD00924452 /* Build configuration list for PBXNativeTarget "PruebaGit" */ = {
			isa = XCConfigurationList;
			buildConfigurations = (
				9DBB23F51C50A4AD00924452 /* Debug */,
				9DBB23F61C50A4AD00924452 /* Release */,
			);
			defaultConfigurationIsVisible = 0;
		};
		9DBB23F71C50A4AD00924452 /* Build configuration list for PBXNativeTarget "PruebaGitTests" */ = {
			isa = XCConfigurationList;
			buildConfigurations = (
				9DBB23F81C50A4AD00924452 /* Debug */,
				9DBB23F91C50A4AD00924452 /* Release */,
			);
			defaultConfigurationIsVisible = 0;
		};
		9DBB23FA1C50A4AD00924452 /* Build configuration list for PBXNativeTarget "PruebaGitUITests" */ = {
			isa = XCConfigurationList;
			buildConfigurations = (
				9DBB23FB1C50A4AD00924452 /* Debug */,
				9DBB23FC1C50A4AD00924452 /* Release */,
			);
			defaultConfigurationIsVisible = 0;
		};
/* End XCConfigurationList section */
	};
	rootObject = 9DBB23BF1C50A4AC00924452 /* Project object */;
}
